
Microsoft Visual Studio Solution File, Format Version 12.00
# Visual Studio Version 17
VisualStudioVersion = 17.0.31903.59
MinimumVisualStudioVersion = 10.0.40219.1
Project("{FAE04EC0-301F-11D3-BF4B-00C04F79EFBC}") = "fileServer", "main\fileServer.csproj", "{E19054C2-4326-4F74-BA94-19AF0883012E}"
EndProject
Project("{FAE04EC0-301F-11D3-BF4B-00C04F79EFBC}") = "Tests", "Tests\Tests.csproj", "{CF7D0199-DE88-4FB0-929C-A004C3B92FDF}"
EndProject
Global
	GlobalSection(SolutionConfigurationPlatforms) = preSolution
		Debug|Any CPU = Debug|Any CPU
		Release|Any CPU = Release|Any CPU
	EndGlobalSection
	GlobalSection(SolutionProperties) = preSolution
		HideSolutionNode = FALSE
	EndGlobalSection
	GlobalSection(ProjectConfigurationPlatforms) = postSolution
		{E19054C2-4326-4F74-BA94-19AF0883012E}.Debug|Any CPU.ActiveCfg = Debug|Any CPU
		{E19054C2-4326-4F74-BA94-19AF0883012E}.Debug|Any CPU.Build.0 = Debug|Any CPU
		{E19054C2-4326-4F74-BA94-19AF0883012E}.Release|Any CPU.ActiveCfg = Release|Any CPU
		{E19054C2-4326-4F74-BA94-19AF0883012E}.Release|Any CPU.Build.0 = Release|Any CPU
		{CF7D0199-DE88-4FB0-929C-A004C3B92FDF}.Debug|Any CPU.ActiveCfg = Debug|Any CPU
		{CF7D0199-DE88-4FB0-929C-A004C3B92FDF}.Debug|Any CPU.Build.0 = Debug|Any CPU
		{CF7D0199-DE88-4FB0-929C-A004C3B92FDF}.Release|Any CPU.ActiveCfg = Release|Any CPU
		{CF7D0199-DE88-4FB0-929C-A004C3B92FDF}.Release|Any CPU.Build.0 = Release|Any CPU
	EndGlobalSection
EndGlobal
